{
  "version": 4,
  "terraform_version": "1.14.3",
  "serial": 41,
  "lineage": "2294e331-ad1c-fcfd-79a0-12487bd98dc5",
  "outputs": {},
  "resources": [
    {
      "mode": "data",
      "type": "archive_file",
      "name": "config",
      "provider": "provider[\"registry.terraform.io/hashicorp/archive\"]",
      "instances": [
        {
          "schema_version": 0,
          "attributes": {
            "exclude_symlink_directories": null,
            "excludes": null,
            "id": "d537eee6ab22be6d50bcb43f34b168776cf7b26f",
            "output_base64sha256": "XJbEnEjrROZvQ0I4dySMq8xZ44NJ2SQzF14H3GDyW6Y=",
            "output_base64sha512": "jN337OVIRnARgZTKg/+sn9HLjx/Yj22P2M5leXP0bNN7ftmC7ZFN4Qz4rmU+l++O+HboewnwyV6srLhGzOAwZw==",
            "output_file_mode": null,
            "output_md5": "ea6590be775d3b1184a5ece45aa3e754",
            "output_path": "./.terraform-config.zip",
            "output_sha": "d537eee6ab22be6d50bcb43f34b168776cf7b26f",
            "output_sha256": "5c96c49c48eb44e66f43423877248cabcc59e38349d92433175e07dc60f25ba6",
            "output_sha512": "8cddf7ece5484670118194ca83ffac9fd1cb8f1fd88f6d8fd8ce657973f46cd37b7ed982ed914de10cf8ae653e97ef8ef876e87b09f0c95eacacb846cce03067",
            "output_size": 199887872,
            "source": [],
            "source_content": null,
            "source_content_filename": null,
            "source_dir": ".",
            "source_file": null,
            "type": "zip"
          },
          "sensitive_attributes": [],
          "identity_schema_version": 0
        }
      ]
    },
    {
      "mode": "data",
      "type": "tencentcloud_images",
      "name": "ubuntu",
      "provider": "provider[\"registry.terraform.io/tencentcloudstack/tencentcloud\"]",
      "instances": [
        {
          "schema_version": 0,
          "attributes": {
            "id": "2641130408",
            "image_id": null,
            "image_name_regex": null,
            "image_type": [
              "PUBLIC_IMAGE"
            ],
            "images": [
              {
                "architecture": "x86_64",
                "created_time": "",
                "image_creator": "",
                "image_description": "Ubuntu Server 24.04 LTS 64bit",
                "image_id": "img-mmytdhbn",
                "image_name": "Ubuntu Server 24.04 LTS 64bit",
                "image_size": 20,
                "image_source": "OFFICIAL",
                "image_state": "NORMAL",
                "image_type": "PUBLIC_IMAGE",
                "os_name": "Ubuntu Server 24.04 LTS 64bit",
                "platform": "Ubuntu",
                "snapshots": [],
                "support_cloud_init": true,
                "sync_percent": 0
              },
              {
                "architecture": "x86_64",
                "created_time": "",
                "image_creator": "",
                "image_description": "Ubuntu Server 22.04 LTS 64bit",
                "image_id": "img-487zeit5",
                "image_name": "Ubuntu Server 22.04 LTS 64bit",
                "image_size": 20,
                "image_source": "OFFICIAL",
                "image_state": "NORMAL",
                "image_type": "PUBLIC_IMAGE",
                "os_name": "Ubuntu Server 22.04 LTS 64bit",
                "platform": "Ubuntu",
                "snapshots": [],
                "support_cloud_init": true,
                "sync_percent": 0
              },
              {
                "architecture": "x86_64",
                "created_time": "",
                "image_creator": "",
                "image_description": "Ubuntu Server 22.04 LTS 64bit UEFI版",
                "image_id": "img-7rotv4ux",
                "image_name": "Ubuntu Server 22.04 LTS 64bit UEFI版",
                "image_size": 20,
                "image_source": "OFFICIAL",
                "image_state": "NORMAL",
                "image_type": "PUBLIC_IMAGE",
                "os_name": "Ubuntu Server 22.04 LTS 64bit UEFI版",
                "platform": "Ubuntu",
                "snapshots": [],
                "support_cloud_init": true,
                "sync_percent": 0
              },
              {
                "architecture": "x86_64",
                "created_time": "",
                "image_creator": "",
                "image_description": "Ubuntu Server 22.04 LTS (TK4) 64bit UEFI版",
                "image_id": "img-gtti6pcv",
                "image_name": "Ubuntu Server 22.04 LTS (TK4) 64bit UEFI版",
                "image_size": 20,
                "image_source": "OFFICIAL",
                "image_state": "NORMAL",
                "image_type": "PUBLIC_IMAGE",
                "os_name": "Ubuntu Server 22.04 LTS (TK4) 64bit UEFI版",
                "platform": "Ubuntu",
                "snapshots": [],
                "support_cloud_init": true,
                "sync_percent": 0
              },
              {
                "architecture": "x86_64",
                "created_time": "",
                "image_creator": "",
                "image_description": "Ubuntu Server 20.04 LTS 64bit",
                "image_id": "img-22trbn9x",
                "image_name": "Ubuntu Server 20.04 LTS 64bit",
                "image_size": 20,
                "image_source": "OFFICIAL",
                "image_state": "NORMAL",
                "image_type": "PUBLIC_IMAGE",
                "os_name": "Ubuntu Server 20.04 LTS 64bit",
                "platform": "Ubuntu",
                "snapshots": [],
                "support_cloud_init": true,
                "sync_percent": 0
              },
              {
                "architecture": "x86_64",
                "created_time": "",
                "image_creator": "",
                "image_description": "Ubuntu Server 18.04 LTS 64bit",
                "image_id": "img-pi0ii46r",
                "image_name": "Ubuntu Server 18.04 LTS 64bit",
                "image_size": 20,
                "image_source": "OFFICIAL",
                "image_state": "NORMAL",
                "image_type": "PUBLIC_IMAGE",
                "os_name": "Ubuntu Server 18.04 LTS 64bit",
                "platform": "Ubuntu",
                "snapshots": [],
                "support_cloud_init": true,
                "sync_percent": 0
              },
              {
                "architecture": "x86_64",
                "created_time": "",
                "image_creator": "",
                "image_description": "Ubuntu Server 16.04 LTS 64bit",
                "image_id": "img-pyqx34y1",
                "image_name": "Ubuntu Server 16.04 LTS 64bit",
                "image_size": 20,
                "image_source": "OFFICIAL",
                "image_state": "NORMAL",
                "image_type": "PUBLIC_IMAGE",
                "os_name": "Ubuntu Server 16.04 LTS 64bit",
                "platform": "Ubuntu",
                "snapshots": [],
                "support_cloud_init": true,
                "sync_percent": 0
              },
              {
                "architecture": "i386",
                "created_time": "",
                "image_creator": "",
                "image_description": "Ubuntu Server 16.04 LTS 32bit",
                "image_id": "img-8u6dn6p1",
                "image_name": "Ubuntu Server 16.04 LTS 32bit",
                "image_size": 20,
                "image_source": "OFFICIAL",
                "image_state": "NORMAL",
                "image_type": "PUBLIC_IMAGE",
                "os_name": "Ubuntu Server 16.04 LTS 32bit",
                "platform": "Ubuntu",
                "snapshots": [],
                "support_cloud_init": true,
                "sync_percent": 0
              },
              {
                "architecture": "x86_64",
                "created_time": "",
                "image_creator": "",
                "image_description": "Ubuntu Server 14.04 LTS 64bit",
                "image_id": "img-3wnd9xpl",
                "image_name": "Ubuntu Server 14.04 LTS 64bit",
                "image_size": 20,
                "image_source": "OFFICIAL",
                "image_state": "NORMAL",
                "image_type": "PUBLIC_IMAGE",
                "os_name": "Ubuntu Server 14.04 LTS 64bit",
                "platform": "Ubuntu",
                "snapshots": [],
                "support_cloud_init": true,
                "sync_percent": 0
              },
              {
                "architecture": "i386",
                "created_time": "",
                "image_creator": "",
                "image_description": "Ubuntu Server 14.04 LTS 32bit",
                "image_id": "img-qpxvpujt",
                "image_name": "Ubuntu Server 14.04 LTS 32bit",
                "image_size": 50,
                "image_source": "OFFICIAL",
                "image_state": "NORMAL",
                "image_type": "PUBLIC_IMAGE",
                "os_name": "Ubuntu Server 14.04 LTS 32bit",
                "platform": "Ubuntu",
                "snapshots": [],
                "support_cloud_init": false,
                "sync_percent": 0
              }
            ],
            "instance_type": "S5.MEDIUM4",
            "os_name": "ubuntu",
            "result_output_file": null
          },
          "sensitive_attributes": [],
          "identity_schema_version": 0
        }
      ]
    },
    {
      "mode": "managed",
      "type": "local_file",
      "name": "filebeat_env",
      "provider": "provider[\"registry.terraform.io/hashicorp/local\"]",
      "instances": [
        {
          "schema_version": 0,
          "attributes": {
            "content": "CLS_SECRET_ID=\nCLS_SECRET_KEY=\nCLS_TOPIC_ID=\n",
            "content_base64": null,
            "content_base64sha256": "szn3sEPQLbdy0gZooprhj9zKYGzxniXM4cKjv6cAVqI=",
            "content_base64sha512": "yXv2QyNkB/qo8IOtZebuPvBmSeTTj3Su6Rp50u99M9VFt2Ul8W2KkasnPUqKJQHrzGjP58G60AeAYM+dKtj9Kg==",
            "content_md5": "af9befad7a25c140dd2ca39d543dfbb5",
            "content_sha1": "c89475c4006c91ccecc9358a90b6fe893839d3d0",
            "content_sha256": "b339f7b043d02db772d20668a29ae18fdcca606cf19e25cce1c2a3bfa70056a2",
            "content_sha512": "c97bf643236407faa8f083ad65e6ee3ef06649e4d38f74aee91a79d2ef7d33d545b76525f16d8a91ab273d4a8a2501ebcc68cfe7c1bad0078060cf9d2ad8fd2a",
            "directory_permission": "0777",
            "file_permission": "0777",
            "filename": "./filebeat.env",
            "id": "c89475c4006c91ccecc9358a90b6fe893839d3d0",
            "sensitive_content": null,
            "source": null
          },
          "sensitive_attributes": [
            [
              {
                "type": "get_attr",
                "value": "content"
              }
            ],
            [
              {
                "type": "get_attr",
                "value": "sensitive_content"
              }
            ]
          ],
          "identity_schema_version": 0
        }
      ]
    },
    {
      "mode": "managed",
      "type": "tencentcloud_instance",
      "name": "quant_server",
      "provider": "provider[\"registry.terraform.io/tencentcloudstack/tencentcloud\"]",
      "instances": [
        {
          "status": "tainted",
          "schema_version": 0,
          "attributes": {
            "allocate_public_ip": true,
            "anti_ddos_package_id": null,
            "availability_zone": "ap-tokyo-2",
            "bandwidth_package_id": null,
            "cam_role_name": "",
            "cdh_host_id": null,
            "cdh_instance_type": null,
            "cpu": 2,
            "create_time": "2026-01-22T15:53:07Z",
            "data_disks": [
              {
                "data_disk_id": "disk-22snjn6q",
                "data_disk_name": "quant-engine_DATA_DISK_1",
                "data_disk_size": 256,
                "data_disk_snapshot_id": "",
                "data_disk_type": "CLOUD_PREMIUM",
                "delete_with_instance": true,
                "delete_with_instance_prepaid": false,
                "encrypt": false,
                "kms_key_id": "",
                "throughput_performance": 0
              }
            ],
            "dedicated_cluster_id": "",
            "disable_api_termination": false,
            "disable_automation_service": false,
            "disable_monitor_service": false,
            "disable_security_service": false,
            "expired_time": "",
            "force_delete": false,
            "force_replace_placement_group_id": null,
            "hostname": null,
            "hpc_cluster_id": "",
            "id": "ins-e64r1g74",
            "image_id": "img-mmytdhbn",
            "instance_charge_type": "POSTPAID_BY_HOUR",
            "instance_charge_type_prepaid_period": null,
            "instance_charge_type_prepaid_renew_flag": "",
            "instance_name": "quant-engine",
            "instance_status": "RUNNING",
            "instance_type": "S5.MEDIUM4",
            "internet_charge_type": "TRAFFIC_POSTPAID_BY_HOUR",
            "internet_max_bandwidth_out": 1,
            "ipv4_address_type": null,
            "ipv6_address_count": null,
            "ipv6_address_type": null,
            "ipv6_addresses": [],
            "keep_image_login": null,
            "key_ids": [],
            "key_name": "",
            "launch_template_id": null,
            "launch_template_version": null,
            "memory": 4,
            "orderly_security_groups": [
              "sg-lb7pq554"
            ],
            "os_name": "Ubuntu Server 24.04 LTS 64bit",
            "password": null,
            "placement_group_id": "",
            "private_ip": "10.0.1.8",
            "project_id": 0,
            "public_ip": "43.163.217.81",
            "public_ipv6_addresses": [],
            "release_address": null,
            "running_flag": true,
            "security_groups": [
              "sg-lb7pq554"
            ],
            "spot_instance_type": null,
            "spot_max_price": null,
            "stop_type": null,
            "stopped_mode": null,
            "subnet_id": "subnet-r8pwmt8r",
            "system_disk_id": "disk-5d45pz62",
            "system_disk_name": "quant-engine_SYSTEM_DISK",
            "system_disk_resize_online": null,
            "system_disk_size": 50,
            "system_disk_type": "CLOUD_SSD",
            "tags": {
              "app_name": "alpha-sentinel-bot",
              "environment": "prod",
              "managed_by": "hansen"
            },
            "timeouts": null,
            "user_data": "IyEvYmluL2Jhc2gKc2V0IC1lCgplY2hvICI9PT0gRGVwbG95aW5nIHF1YW50IHN5c3RlbSA9PT0iCgojIDAuIOiuvue9riBTU0gg5YWs6ZKl77yI5YWB6K64IFRlcnJhZm9ybSBwcm92aXNpb25lciDov57mjqXvvIkKbWtkaXIgLXAgL2hvbWUvdWJ1bnR1Ly5zc2gKY2htb2QgNzAwIC9ob21lL3VidW50dS8uc3NoCiMg5YWs6ZKl6YCa6L+HIHVzZXJfZGF0YSDmqKHmnb/lj5jph4/kvKDlhaUKZWNobyAic3NoLWVkMjU1MTkgQUFBQUMzTnphQzFsWkRJMU5URTVBQUFBSUcwU2ZhV0VTcXQzL3pwRWNqenkvSWU1Z0gyeVVXbS9QZkJrTjVUaTRRd1kgc2hlbnlpbkByb2NrZXRtYWlsLmNvbQoiID4+IC9ob21lL3VidW50dS8uc3NoL2F1dGhvcml6ZWRfa2V5cwpjaG1vZCA2MDAgL2hvbWUvdWJ1bnR1Ly5zc2gvYXV0aG9yaXplZF9rZXlzCmNob3duIC1SIHVidW50dTp1YnVudHUgL2hvbWUvdWJ1bnR1Ly5zc2gKCiMgMS4g5oyC6L295pWw5o2u55uYCm1rZnMuZXh0NCAvZGV2L3ZkYgpta2RpciAtcCAvZGF0YQptb3VudCAvZGV2L3ZkYiAvZGF0YQplY2hvICcvZGV2L3ZkYiAvZGF0YSBleHQ0IGRlZmF1bHRzIDAgMCcgPj4gL2V0Yy9mc3RhYgoKIyAyLiDlronoo4Xlv4XopoHova/ku7YKYXB0LWdldCB1cGRhdGUKCiMgMy4g5aSN5Yi2IHN5c3RlbWQg5pyN5Yqh5paH5Lu277yI5LuOIFRlcnJhZm9ybSDkvKDlhaXvvIkKY3AgL3RtcC9zeXN0ZW1kLyouc2VydmljZSAvZXRjL3N5c3RlbWQvc3lzdGVtLwoKIyA0LiDlpI3liLbnm5HmjqfphY3nva4KbWtkaXIgLXAgL2V0Yy9wcm9tZXRoZXVzCmNwIC90bXAvbW9uaXRvcmluZy9wcm9tZXRoZXVzLnltbCAvZXRjL3Byb21ldGhldXMvCgpta2RpciAtcCAvdmFyL2xpYi9ncmFmYW5hL2Rhc2hib2FyZHMKY3AgL3RtcC9tb25pdG9yaW5nL2dyYWZhbmEtcHJvdmlzaW9uaW5nL2Rhc2hib2FyZHMvcXVhbnQuanNvbiAvdmFyL2xpYi9ncmFmYW5hL2Rhc2hib2FyZHMvCgojIDUuIOWkjeWItuaXpeW/l+mFjee9rgpta2RpciAtcCAvZXRjL2ZpbGViZWF0CmNwIC90bXAvbG9nZ2luZy9maWxlYmVhdC55bWwgL2V0Yy9maWxlYmVhdC8KIyDms6jmhI/vvJovZXRjL2RlZmF1bHQvZmlsZWJlYXQg6ZyA5ZyoIFRlcnJhZm9ybSDkuK3pgJrov4cgdGVtcGxhdGUg55Sf5oiQ77yI5ZCr5a+G6ZKl77yJCgojIDYuIOWuieijhee7hOS7tgojIC0tLSBOb2RlIEV4cG9ydGVyIC0tLQp3Z2V0IC1xIGh0dHBzOi8vZ2l0aHViLmNvbS9wcm9tZXRoZXVzL25vZGVfZXhwb3J0ZXIvcmVsZWFzZXMvZG93bmxvYWQvdjEuNy4wL25vZGVfZXhwb3J0ZXItMS43LjAubGludXgtYW1kNjQudGFyLmd6CnRhciB4emYgbm9kZV9leHBvcnRlci0qLnRhci5negpjcCBub2RlX2V4cG9ydGVyLSovbm9kZV9leHBvcnRlciAvdXNyL2xvY2FsL2Jpbi8KCiMgLS0tIFByb21ldGhldXMgLS0tCndnZXQgLXEgaHR0cHM6Ly9naXRodWIuY29tL3Byb21ldGhldXMvcHJvbWV0aGV1cy9yZWxlYXNlcy9kb3dubG9hZC92Mi40Ny4xL3Byb21ldGhldXMtMi40Ny4xLmxpbnV4LWFtZDY0LnRhci5negp0YXIgeHpmIHByb21ldGhldXMtKi50YXIuZ3oKY3AgcHJvbWV0aGV1cy0qL3Byb21ldGhldXMgL3Vzci9sb2NhbC9iaW4vCgojIC0tLSBHcmFmYW5hIC0tLQp3Z2V0IC1xIGh0dHBzOi8vZGwuZ3JhZmFuYS5jb20vb3NzL3JlbGVhc2UvZ3JhZmFuYV8xMC4zLjNfYW1kNjQuZGViCmRwa2cgLWkgZ3JhZmFuYV8xMC4zLjNfYW1kNjQuZGViCgojIC0tLSBGaWxlYmVhdCAtLS0Kd2dldCAtcSBodHRwczovL2FydGlmYWN0cy5lbGFzdGljLmNvL2Rvd25sb2Fkcy9iZWF0cy9maWxlYmVhdC9maWxlYmVhdC04LjEyLjAtYW1kNjQuZGViCmRwa2cgLWkgZmlsZWJlYXQtOC4xMi4wLWFtZDY0LmRlYgoKIyA3LiDliJvlu7rmlbDmja7nm67lvZUKbWtkaXIgLXAgL2RhdGEvcHJvbWV0aGV1cwpta2RpciAtcCAvZGF0YS90cmFkZXMgICMgU1FMaXRlIOaVsOaNruW6k+ebruW9le+8iOiuouWNlea1geaVsOaNru+8iQoKIyA4LiDlkK/nlKjmiYDmnInmnI3liqEKc3lzdGVtY3RsIGRhZW1vbi1yZWxvYWQKc3lzdGVtY3RsIGVuYWJsZSBxdWFudC1lbmdpbmUgbm9kZV9leHBvcnRlciBwcm9tZXRoZXVzIGdyYWZhbmEtc2VydmVyIGZpbGViZWF0CnN5c3RlbWN0bCBzdGFydCBxdWFudC1lbmdpbmUK",
            "user_data_raw": "#!/bin/bash\nset -e\n\necho \"=== Deploying quant system ===\"\n\n# 0. 设置 SSH 公钥（允许 Terraform provisioner 连接）\nmkdir -p /home/ubuntu/.ssh\nchmod 700 /home/ubuntu/.ssh\n# 公钥通过 user_data 模板变量传入\necho \"ssh-ed25519 AAAAC3NzaC1lZDI1NTE5AAAAIG0SfaWESqt3/zpEcjzy/Ie5gH2yUWm/PfBkN5Ti4QwY shenyin@rocketmail.com\n\" \u003e\u003e /home/ubuntu/.ssh/authorized_keys\nchmod 600 /home/ubuntu/.ssh/authorized_keys\nchown -R ubuntu:ubuntu /home/ubuntu/.ssh\n\n# 1. 挂载数据盘\nmkfs.ext4 /dev/vdb\nmkdir -p /data\nmount /dev/vdb /data\necho '/dev/vdb /data ext4 defaults 0 0' \u003e\u003e /etc/fstab\n\n# 2. 安装必要软件\napt-get update\n\n# 3. 复制 systemd 服务文件（从 Terraform 传入）\ncp /tmp/systemd/*.service /etc/systemd/system/\n\n# 4. 复制监控配置\nmkdir -p /etc/prometheus\ncp /tmp/monitoring/prometheus.yml /etc/prometheus/\n\nmkdir -p /var/lib/grafana/dashboards\ncp /tmp/monitoring/grafana-provisioning/dashboards/quant.json /var/lib/grafana/dashboards/\n\n# 5. 复制日志配置\nmkdir -p /etc/filebeat\ncp /tmp/logging/filebeat.yml /etc/filebeat/\n# 注意：/etc/default/filebeat 需在 Terraform 中通过 template 生成（含密钥）\n\n# 6. 安装组件\n# --- Node Exporter ---\nwget -q https://github.com/prometheus/node_exporter/releases/download/v1.7.0/node_exporter-1.7.0.linux-amd64.tar.gz\ntar xzf node_exporter-*.tar.gz\ncp node_exporter-*/node_exporter /usr/local/bin/\n\n# --- Prometheus ---\nwget -q https://github.com/prometheus/prometheus/releases/download/v2.47.1/prometheus-2.47.1.linux-amd64.tar.gz\ntar xzf prometheus-*.tar.gz\ncp prometheus-*/prometheus /usr/local/bin/\n\n# --- Grafana ---\nwget -q https://dl.grafana.com/oss/release/grafana_10.3.3_amd64.deb\ndpkg -i grafana_10.3.3_amd64.deb\n\n# --- Filebeat ---\nwget -q https://artifacts.elastic.co/downloads/beats/filebeat/filebeat-8.12.0-amd64.deb\ndpkg -i filebeat-8.12.0-amd64.deb\n\n# 7. 创建数据目录\nmkdir -p /data/prometheus\nmkdir -p /data/trades  # SQLite 数据库目录（订单流数据）\n\n# 8. 启用所有服务\nsystemctl daemon-reload\nsystemctl enable quant-engine node_exporter prometheus grafana-server filebeat\nsystemctl start quant-engine\n",
            "user_data_replace_on_change": false,
            "uuid": "8d95534d-bc88-4c91-ae93-1ce7774a504c",
            "vpc_id": "vpc-hq9ewi9e"
          },
          "sensitive_attributes": [
            [
              {
                "type": "get_attr",
                "value": "password"
              }
            ]
          ],
          "identity_schema_version": 0,
          "private": "eyJlMmJmYjczMC1lY2FhLTExZTYtOGY4OC0zNDM2M2JjN2M0YzAiOnsiY3JlYXRlIjo5MDAwMDAwMDAwMDB9fQ==",
          "dependencies": [
            "data.archive_file.config",
            "data.tencentcloud_images.ubuntu",
            "tencentcloud_security_group.quant_sg",
            "tencentcloud_subnet.main",
            "tencentcloud_vpc.main"
          ]
        }
      ]
    },
    {
      "mode": "managed",
      "type": "tencentcloud_security_group",
      "name": "quant_sg",
      "provider": "provider[\"registry.terraform.io/tencentcloudstack/tencentcloud\"]",
      "instances": [
        {
          "schema_version": 0,
          "attributes": {
            "description": "Security group for quant server",
            "id": "sg-lb7pq554",
            "name": "quant-sg",
            "project_id": 0,
            "tags": {}
          },
          "sensitive_attributes": [],
          "identity_schema_version": 0,
          "private": "bnVsbA=="
        }
      ]
    },
    {
      "mode": "managed",
      "type": "tencentcloud_security_group_rule",
      "name": "ssh",
      "provider": "provider[\"registry.terraform.io/tencentcloudstack/tencentcloud\"]",
      "instances": [
        {
          "schema_version": 0,
          "attributes": {
            "address_template": [],
            "cidr_ip": "0.0.0.0/0",
            "description": "",
            "id": "eyJzZ19pZCI6InNnLWxiN3BxNTU0IiwicG9saWN5X3R5cGUiOiJpbmdyZXNzIiwiY2lkcl9pcCI6IjAuMC4wLjAvMCIsInByb3RvY29sIjoidGNwIiwicG9ydF9yYW5nZSI6IjIyIiwiYWN0aW9uIjoiYWNjZXB0Iiwic291cmNlX3NnX2lkIjoiIiwiZGVzY3JpcHRpb24iOiIifQ==",
            "ip_protocol": "tcp",
            "policy": "accept",
            "policy_index": null,
            "port_range": "22",
            "protocol_template": [],
            "security_group_id": "sg-lb7pq554",
            "source_sgid": null,
            "type": "ingress"
          },
          "sensitive_attributes": [],
          "identity_schema_version": 0,
          "private": "bnVsbA==",
          "dependencies": [
            "tencentcloud_security_group.quant_sg"
          ]
        }
      ]
    },
    {
      "mode": "managed",
      "type": "tencentcloud_subnet",
      "name": "main",
      "provider": "provider[\"registry.terraform.io/tencentcloudstack/tencentcloud\"]",
      "instances": [
        {
          "schema_version": 0,
          "attributes": {
            "availability_zone": "ap-tokyo-2",
            "available_ip_count": 252,
            "cdc_id": "",
            "cidr_block": "10.0.1.0/24",
            "create_time": "2026-01-22 22:38:09",
            "id": "subnet-r8pwmt8r",
            "is_default": false,
            "is_multicast": true,
            "name": "quant-subnet",
            "route_table_id": "rtb-8t6nruxl",
            "tags": {},
            "vpc_id": "vpc-hq9ewi9e"
          },
          "sensitive_attributes": [],
          "identity_schema_version": 0,
          "private": "bnVsbA==",
          "dependencies": [
            "tencentcloud_vpc.main"
          ]
        }
      ]
    },
    {
      "mode": "managed",
      "type": "tencentcloud_vpc",
      "name": "main",
      "provider": "provider[\"registry.terraform.io/tencentcloudstack/tencentcloud\"]",
      "instances": [
        {
          "schema_version": 0,
          "attributes": {
            "assistant_cidrs": [],
            "cidr_block": "10.0.0.0/16",
            "create_time": "2026-01-22 22:19:04",
            "default_route_table_id": "rtb-8t6nruxl",
            "dns_servers": [
              "183.60.82.98",
              "183.60.83.19"
            ],
            "docker_assistant_cidrs": [],
            "enable_route_vpc_publish": false,
            "enable_route_vpc_publish_ipv6": false,
            "id": "vpc-hq9ewi9e",
            "is_default": false,
            "is_multicast": true,
            "name": "quant-vpc",
            "tags": {}
          },
          "sensitive_attributes": [],
          "identity_schema_version": 0,
          "private": "bnVsbA=="
        }
      ]
    }
  ],
  "check_results": null
}
